
Microsoft Visual Studio Solution File, Format Version 12.00
# Visual Studio Version 17
VisualStudioVersion = 17.8.34322.80
MinimumVisualStudioVersion = 10.0.40219.1
Project("{FAE04EC0-301F-11D3-BF4B-00C04F79EFBC}") = "number1", "laboratornay2\number1.csproj", "{DE2132DA-AC78-4897-A2F3-C75EDFF21AF1}"
EndProject
Project("{FAE04EC0-301F-11D3-BF4B-00C04F79EFBC}") = "number2", "number2\number2.csproj", "{2A54AF29-1712-45A2-9F16-8A5D459A24F7}"
EndProject
Project("{FAE04EC0-301F-11D3-BF4B-00C04F79EFBC}") = "number3", "number3\number3.csproj", "{C33DB000-049C-4228-83EB-32759B5D7C77}"
EndProject
Global
	GlobalSection(SolutionConfigurationPlatforms) = preSolution
		Debug|Any CPU = Debug|Any CPU
		Release|Any CPU = Release|Any CPU
	EndGlobalSection
	GlobalSection(ProjectConfigurationPlatforms) = postSolution
		{DE2132DA-AC78-4897-A2F3-C75EDFF21AF1}.Debug|Any CPU.ActiveCfg = Debug|Any CPU
		{DE2132DA-AC78-4897-A2F3-C75EDFF21AF1}.Debug|Any CPU.Build.0 = Debug|Any CPU
		{DE2132DA-AC78-4897-A2F3-C75EDFF21AF1}.Release|Any CPU.ActiveCfg = Release|Any CPU
		{DE2132DA-AC78-4897-A2F3-C75EDFF21AF1}.Release|Any CPU.Build.0 = Release|Any CPU
		{2A54AF29-1712-45A2-9F16-8A5D459A24F7}.Debug|Any CPU.ActiveCfg = Debug|Any CPU
		{2A54AF29-1712-45A2-9F16-8A5D459A24F7}.Debug|Any CPU.Build.0 = Debug|Any CPU
		{2A54AF29-1712-45A2-9F16-8A5D459A24F7}.Release|Any CPU.ActiveCfg = Release|Any CPU
		{2A54AF29-1712-45A2-9F16-8A5D459A24F7}.Release|Any CPU.Build.0 = Release|Any CPU
		{C33DB000-049C-4228-83EB-32759B5D7C77}.Debug|Any CPU.ActiveCfg = Debug|Any CPU
		{C33DB000-049C-4228-83EB-32759B5D7C77}.Debug|Any CPU.Build.0 = Debug|Any CPU
		{C33DB000-049C-4228-83EB-32759B5D7C77}.Release|Any CPU.ActiveCfg = Release|Any CPU
		{C33DB000-049C-4228-83EB-32759B5D7C77}.Release|Any CPU.Build.0 = Release|Any CPU
	EndGlobalSection
	GlobalSection(SolutionProperties) = preSolution
		HideSolutionNode = FALSE
	EndGlobalSection
	GlobalSection(ExtensibilityGlobals) = postSolution
		SolutionGuid = {6E0365A2-6861-4366-A620-2DBE2FB2ECFF}
	EndGlobalSection
EndGlobal
