
Microsoft Visual Studio Solution File, Format Version 12.00
# Visual Studio Version 17
VisualStudioVersion = 17.8.34322.80
MinimumVisualStudioVersion = 10.0.40219.1
Project("{FAE04EC0-301F-11D3-BF4B-00C04F79EFBC}") = "laboratornay5", "laboratornay5\laboratornay5.csproj", "{DFD3CBC1-ABC0-4FA3-B0A0-FFAA97847FC7}"
EndProject
Global
	GlobalSection(SolutionConfigurationPlatforms) = preSolution
		Debug|Any CPU = Debug|Any CPU
		Release|Any CPU = Release|Any CPU
	EndGlobalSection
	GlobalSection(ProjectConfigurationPlatforms) = postSolution
		{DFD3CBC1-ABC0-4FA3-B0A0-FFAA97847FC7}.Debug|Any CPU.ActiveCfg = Debug|Any CPU
		{DFD3CBC1-ABC0-4FA3-B0A0-FFAA97847FC7}.Debug|Any CPU.Build.0 = Debug|Any CPU
		{DFD3CBC1-ABC0-4FA3-B0A0-FFAA97847FC7}.Release|Any CPU.ActiveCfg = Release|Any CPU
		{DFD3CBC1-ABC0-4FA3-B0A0-FFAA97847FC7}.Release|Any CPU.Build.0 = Release|Any CPU
	EndGlobalSection
	GlobalSection(SolutionProperties) = preSolution
		HideSolutionNode = FALSE
	EndGlobalSection
	GlobalSection(ExtensibilityGlobals) = postSolution
		SolutionGuid = {D5B54E42-204E-4A0E-94C5-52D79485A89F}
	EndGlobalSection
EndGlobal
